
Microsoft Visual Studio Solution File, Format Version 11.00
# Visual Studio 2010
Project("{FAE04EC0-301F-11D3-BF4B-00C04F79EFBC}") = "Assembly-CSharp", "Assembly-CSharp.csproj", "{8CB191A9-2102-D775-5971-356EC12C4007}"
EndProject
Global
	GlobalSection(SolutionConfigurationPlatforms) = preSolution
		Debug|Any CPU = Debug|Any CPU
		Release|Any CPU = Release|Any CPU
	EndGlobalSection
	GlobalSection(ProjectConfigurationPlatforms) = postSolution
		{8CB191A9-2102-D775-5971-356EC12C4007}.Debug|Any CPU.ActiveCfg = Debug|Any CPU
		{8CB191A9-2102-D775-5971-356EC12C4007}.Debug|Any CPU.Build.0 = Debug|Any CPU
		{8CB191A9-2102-D775-5971-356EC12C4007}.Release|Any CPU.ActiveCfg = Release|Any CPU
		{8CB191A9-2102-D775-5971-356EC12C4007}.Release|Any CPU.Build.0 = Release|Any CPU
	EndGlobalSection
	GlobalSection(SolutionProperties) = preSolution
		HideSolutionNode = FALSE
	EndGlobalSection
EndGlobal
